
Microsoft Visual Studio Solution File, Format Version 12.00
# Visual Studio Version 16
VisualStudioVersion = 16.0.30621.155
MinimumVisualStudioVersion = 10.0.40219.1
Project("{FAE04EC0-301F-11D3-BF4B-00C04F79EFBC}") = "CheckDebugging", "CheckDebugging\CheckDebugging.csproj", "{C51037A3-167E-4A01-9ABB-DA8B78041560}"
EndProject
Project("{9A19103F-16F7-4668-BE54-9A1E7A4F7556}") = "Task1.Tests", "..\DebuggingFundamentals\Task1.Tests\Task1.Tests.csproj", "{FB1D892E-AF1C-4DA3-A72C-2126E71B82AF}"
EndProject
Global
	GlobalSection(SolutionConfigurationPlatforms) = preSolution
		Debug|Any CPU = Debug|Any CPU
		Release|Any CPU = Release|Any CPU
	EndGlobalSection
	GlobalSection(ProjectConfigurationPlatforms) = postSolution
		{C51037A3-167E-4A01-9ABB-DA8B78041560}.Debug|Any CPU.ActiveCfg = Debug|Any CPU
		{C51037A3-167E-4A01-9ABB-DA8B78041560}.Debug|Any CPU.Build.0 = Debug|Any CPU
		{C51037A3-167E-4A01-9ABB-DA8B78041560}.Release|Any CPU.ActiveCfg = Release|Any CPU
		{C51037A3-167E-4A01-9ABB-DA8B78041560}.Release|Any CPU.Build.0 = Release|Any CPU
		{FB1D892E-AF1C-4DA3-A72C-2126E71B82AF}.Debug|Any CPU.ActiveCfg = Debug|Any CPU
		{FB1D892E-AF1C-4DA3-A72C-2126E71B82AF}.Debug|Any CPU.Build.0 = Debug|Any CPU
		{FB1D892E-AF1C-4DA3-A72C-2126E71B82AF}.Release|Any CPU.ActiveCfg = Release|Any CPU
		{FB1D892E-AF1C-4DA3-A72C-2126E71B82AF}.Release|Any CPU.Build.0 = Release|Any CPU
	EndGlobalSection
	GlobalSection(SolutionProperties) = preSolution
		HideSolutionNode = FALSE
	EndGlobalSection
	GlobalSection(ExtensibilityGlobals) = postSolution
		SolutionGuid = {D9007A4E-06F9-47C5-8659-B33D47AFC0A1}
	EndGlobalSection
EndGlobal
