
Microsoft Visual Studio Solution File, Format Version 12.00
# Visual Studio Version 16
VisualStudioVersion = 16.0.30523.141
MinimumVisualStudioVersion = 10.0.40219.1
Project("{FAE04EC0-301F-11D3-BF4B-00C04F79EFBC}") = "m3t1", "m3t1\m3t1.csproj", "{02460298-9D78-4DD3-9536-B89555F24CC0}"
EndProject
Global
	GlobalSection(SolutionConfigurationPlatforms) = preSolution
		Debug|Any CPU = Debug|Any CPU
		Release|Any CPU = Release|Any CPU
	EndGlobalSection
	GlobalSection(ProjectConfigurationPlatforms) = postSolution
		{02460298-9D78-4DD3-9536-B89555F24CC0}.Debug|Any CPU.ActiveCfg = Debug|Any CPU
		{02460298-9D78-4DD3-9536-B89555F24CC0}.Debug|Any CPU.Build.0 = Debug|Any CPU
		{02460298-9D78-4DD3-9536-B89555F24CC0}.Release|Any CPU.ActiveCfg = Release|Any CPU
		{02460298-9D78-4DD3-9536-B89555F24CC0}.Release|Any CPU.Build.0 = Release|Any CPU
	EndGlobalSection
	GlobalSection(SolutionProperties) = preSolution
		HideSolutionNode = FALSE
	EndGlobalSection
	GlobalSection(ExtensibilityGlobals) = postSolution
		SolutionGuid = {6FB420A7-AF15-47C7-8760-E5959241EADA}
	EndGlobalSection
EndGlobal
