
Microsoft Visual Studio Solution File, Format Version 12.00
# Visual Studio Version 16
VisualStudioVersion = 16.0.30320.27
MinimumVisualStudioVersion = 10.0.40219.1
Project("{FAE04EC0-301F-11D3-BF4B-00C04F79EFBC}") = "m1t1v2", "m1t1v2\m1t1v2.csproj", "{FE2BC796-5532-43AC-8C56-DA4794F11A79}"
EndProject
Project("{9A19103F-16F7-4668-BE54-9A1E7A4F7556}") = "MyLIb", "..\MyLIb\MyLIb\MyLIb.csproj", "{3720B41F-06A9-462E-9706-2362D642C4A2}"
EndProject
Global
	GlobalSection(SolutionConfigurationPlatforms) = preSolution
		Debug|Any CPU = Debug|Any CPU
		Release|Any CPU = Release|Any CPU
	EndGlobalSection
	GlobalSection(ProjectConfigurationPlatforms) = postSolution
		{FE2BC796-5532-43AC-8C56-DA4794F11A79}.Debug|Any CPU.ActiveCfg = Debug|Any CPU
		{FE2BC796-5532-43AC-8C56-DA4794F11A79}.Debug|Any CPU.Build.0 = Debug|Any CPU
		{FE2BC796-5532-43AC-8C56-DA4794F11A79}.Release|Any CPU.ActiveCfg = Release|Any CPU
		{FE2BC796-5532-43AC-8C56-DA4794F11A79}.Release|Any CPU.Build.0 = Release|Any CPU
		{3720B41F-06A9-462E-9706-2362D642C4A2}.Debug|Any CPU.ActiveCfg = Debug|Any CPU
		{3720B41F-06A9-462E-9706-2362D642C4A2}.Debug|Any CPU.Build.0 = Debug|Any CPU
		{3720B41F-06A9-462E-9706-2362D642C4A2}.Release|Any CPU.ActiveCfg = Release|Any CPU
		{3720B41F-06A9-462E-9706-2362D642C4A2}.Release|Any CPU.Build.0 = Release|Any CPU
	EndGlobalSection
	GlobalSection(SolutionProperties) = preSolution
		HideSolutionNode = FALSE
	EndGlobalSection
	GlobalSection(ExtensibilityGlobals) = postSolution
		SolutionGuid = {980267AB-0B11-422C-9FDF-42E69481DFC1}
	EndGlobalSection
EndGlobal
